
Microsoft Visual Studio Solution File, Format Version 12.00
# Visual Studio 15
VisualStudioVersion = 15.0.26730.16
MinimumVisualStudioVersion = 10.0.40219.1
Project("{9A19103F-16F7-4668-BE54-9A1E7A4F7556}") = "SingletonExample", "SingletonExample\SingletonExample.csproj", "{B342B604-5226-494F-A75C-6F1E57ABC6CE}"
EndProject
Project("{9A19103F-16F7-4668-BE54-9A1E7A4F7556}") = "BuilderExample", "BuilderExample\BuilderExample.csproj", "{A2C3D89A-1392-4D2B-974A-71E14D080735}"
EndProject
Project("{9A19103F-16F7-4668-BE54-9A1E7A4F7556}") = "CompositeExample", "CompositeExample\CompositeExample.csproj", "{2B044354-ABD7-44C6-B2E1-EDE6646DB83B}"
EndProject
Project("{FAE04EC0-301F-11D3-BF4B-00C04F79EFBC}") = "DecoratorExample", "DecoratorExample\DecoratorExample.csproj", "{56FADF0A-52E2-4087-B281-1183777BE997}"
EndProject
Project("{FAE04EC0-301F-11D3-BF4B-00C04F79EFBC}") = "ObserverExample", "ObserverExample\ObserverExample.csproj", "{7CCA47D3-DCEE-40FC-8C9C-124484AB551F}"
EndProject
Global
	GlobalSection(SolutionConfigurationPlatforms) = preSolution
		Debug|Any CPU = Debug|Any CPU
		Release|Any CPU = Release|Any CPU
	EndGlobalSection
	GlobalSection(ProjectConfigurationPlatforms) = postSolution
		{B342B604-5226-494F-A75C-6F1E57ABC6CE}.Debug|Any CPU.ActiveCfg = Debug|Any CPU
		{B342B604-5226-494F-A75C-6F1E57ABC6CE}.Debug|Any CPU.Build.0 = Debug|Any CPU
		{B342B604-5226-494F-A75C-6F1E57ABC6CE}.Release|Any CPU.ActiveCfg = Release|Any CPU
		{B342B604-5226-494F-A75C-6F1E57ABC6CE}.Release|Any CPU.Build.0 = Release|Any CPU
		{A2C3D89A-1392-4D2B-974A-71E14D080735}.Debug|Any CPU.ActiveCfg = Debug|Any CPU
		{A2C3D89A-1392-4D2B-974A-71E14D080735}.Debug|Any CPU.Build.0 = Debug|Any CPU
		{A2C3D89A-1392-4D2B-974A-71E14D080735}.Release|Any CPU.ActiveCfg = Release|Any CPU
		{A2C3D89A-1392-4D2B-974A-71E14D080735}.Release|Any CPU.Build.0 = Release|Any CPU
		{2B044354-ABD7-44C6-B2E1-EDE6646DB83B}.Debug|Any CPU.ActiveCfg = Debug|Any CPU
		{2B044354-ABD7-44C6-B2E1-EDE6646DB83B}.Debug|Any CPU.Build.0 = Debug|Any CPU
		{2B044354-ABD7-44C6-B2E1-EDE6646DB83B}.Release|Any CPU.ActiveCfg = Release|Any CPU
		{2B044354-ABD7-44C6-B2E1-EDE6646DB83B}.Release|Any CPU.Build.0 = Release|Any CPU
		{56FADF0A-52E2-4087-B281-1183777BE997}.Debug|Any CPU.ActiveCfg = Debug|Any CPU
		{56FADF0A-52E2-4087-B281-1183777BE997}.Debug|Any CPU.Build.0 = Debug|Any CPU
		{56FADF0A-52E2-4087-B281-1183777BE997}.Release|Any CPU.ActiveCfg = Release|Any CPU
		{56FADF0A-52E2-4087-B281-1183777BE997}.Release|Any CPU.Build.0 = Release|Any CPU
		{7CCA47D3-DCEE-40FC-8C9C-124484AB551F}.Debug|Any CPU.ActiveCfg = Debug|Any CPU
		{7CCA47D3-DCEE-40FC-8C9C-124484AB551F}.Debug|Any CPU.Build.0 = Debug|Any CPU
		{7CCA47D3-DCEE-40FC-8C9C-124484AB551F}.Release|Any CPU.ActiveCfg = Release|Any CPU
		{7CCA47D3-DCEE-40FC-8C9C-124484AB551F}.Release|Any CPU.Build.0 = Release|Any CPU
	EndGlobalSection
	GlobalSection(SolutionProperties) = preSolution
		HideSolutionNode = FALSE
	EndGlobalSection
	GlobalSection(ExtensibilityGlobals) = postSolution
		SolutionGuid = {8D913D6F-FEEC-4823-9DA0-C5D4DE3CA46C}
	EndGlobalSection
EndGlobal
