
Microsoft Visual Studio Solution File, Format Version 12.00
# Visual Studio 15
VisualStudioVersion = 15.0.26730.16
MinimumVisualStudioVersion = 10.0.40219.1
Project("{FAE04EC0-301F-11D3-BF4B-00C04F79EFBC}") = "Lobster.Android", "Lobster\Lobster.Android\Lobster.Android.csproj", "{BFEB883A-376E-49E2-9036-8DEC2C1F577D}"
EndProject
Project("{FAE04EC0-301F-11D3-BF4B-00C04F79EFBC}") = "Lobster", "Lobster\Lobster\Lobster.csproj", "{D5EBB60F-D220-4AD2-AECC-E8B91206E08C}"
EndProject
Project("{FAE04EC0-301F-11D3-BF4B-00C04F79EFBC}") = "Lobster.UWP", "Lobster\Lobster.UWP\Lobster.UWP.csproj", "{436C03A2-F788-4588-B062-89EFEB013EE0}"
EndProject
Project("{FAE04EC0-301F-11D3-BF4B-00C04F79EFBC}") = "Lobster.iOS", "Lobster\Lobster.iOS\Lobster.iOS.csproj", "{B1D8ED17-3285-4B34-AD29-CDF8FA6DDD0D}"
EndProject
Global
	GlobalSection(SolutionConfigurationPlatforms) = preSolution
		Ad-Hoc|Any CPU = Ad-Hoc|Any CPU
		Ad-Hoc|ARM = Ad-Hoc|ARM
		Ad-Hoc|iPhone = Ad-Hoc|iPhone
		Ad-Hoc|iPhoneSimulator = Ad-Hoc|iPhoneSimulator
		Ad-Hoc|x64 = Ad-Hoc|x64
		Ad-Hoc|x86 = Ad-Hoc|x86
		AppStore|Any CPU = AppStore|Any CPU
		AppStore|ARM = AppStore|ARM
		AppStore|iPhone = AppStore|iPhone
		AppStore|iPhoneSimulator = AppStore|iPhoneSimulator
		AppStore|x64 = AppStore|x64
		AppStore|x86 = AppStore|x86
		Debug|Any CPU = Debug|Any CPU
		Debug|ARM = Debug|ARM
		Debug|iPhone = Debug|iPhone
		Debug|iPhoneSimulator = Debug|iPhoneSimulator
		Debug|x64 = Debug|x64
		Debug|x86 = Debug|x86
		Release|Any CPU = Release|Any CPU
		Release|ARM = Release|ARM
		Release|iPhone = Release|iPhone
		Release|iPhoneSimulator = Release|iPhoneSimulator
		Release|x64 = Release|x64
		Release|x86 = Release|x86
	EndGlobalSection
	GlobalSection(ProjectConfigurationPlatforms) = postSolution
		{BFEB883A-376E-49E2-9036-8DEC2C1F577D}.Ad-Hoc|Any CPU.ActiveCfg = Release|Any CPU
		{BFEB883A-376E-49E2-9036-8DEC2C1F577D}.Ad-Hoc|Any CPU.Build.0 = Release|Any CPU
		{BFEB883A-376E-49E2-9036-8DEC2C1F577D}.Ad-Hoc|Any CPU.Deploy.0 = Release|Any CPU
		{BFEB883A-376E-49E2-9036-8DEC2C1F577D}.Ad-Hoc|ARM.ActiveCfg = Release|Any CPU
		{BFEB883A-376E-49E2-9036-8DEC2C1F577D}.Ad-Hoc|ARM.Build.0 = Release|Any CPU
		{BFEB883A-376E-49E2-9036-8DEC2C1F577D}.Ad-Hoc|ARM.Deploy.0 = Release|Any CPU
		{BFEB883A-376E-49E2-9036-8DEC2C1F577D}.Ad-Hoc|iPhone.ActiveCfg = Release|Any CPU
		{BFEB883A-376E-49E2-9036-8DEC2C1F577D}.Ad-Hoc|iPhone.Build.0 = Release|Any CPU
		{BFEB883A-376E-49E2-9036-8DEC2C1F577D}.Ad-Hoc|iPhone.Deploy.0 = Release|Any CPU
		{BFEB883A-376E-49E2-9036-8DEC2C1F577D}.Ad-Hoc|iPhoneSimulator.ActiveCfg = Release|Any CPU
		{BFEB883A-376E-49E2-9036-8DEC2C1F577D}.Ad-Hoc|iPhoneSimulator.Build.0 = Release|Any CPU
		{BFEB883A-376E-49E2-9036-8DEC2C1F577D}.Ad-Hoc|iPhoneSimulator.Deploy.0 = Release|Any CPU
		{BFEB883A-376E-49E2-9036-8DEC2C1F577D}.Ad-Hoc|x64.ActiveCfg = Release|Any CPU
		{BFEB883A-376E-49E2-9036-8DEC2C1F577D}.Ad-Hoc|x64.Build.0 = Release|Any CPU
		{BFEB883A-376E-49E2-9036-8DEC2C1F577D}.Ad-Hoc|x64.Deploy.0 = Release|Any CPU
		{BFEB883A-376E-49E2-9036-8DEC2C1F577D}.Ad-Hoc|x86.ActiveCfg = Release|Any CPU
		{BFEB883A-376E-49E2-9036-8DEC2C1F577D}.Ad-Hoc|x86.Build.0 = Release|Any CPU
		{BFEB883A-376E-49E2-9036-8DEC2C1F577D}.Ad-Hoc|x86.Deploy.0 = Release|Any CPU
		{BFEB883A-376E-49E2-9036-8DEC2C1F577D}.AppStore|Any CPU.ActiveCfg = Release|Any CPU
		{BFEB883A-376E-49E2-9036-8DEC2C1F577D}.AppStore|Any CPU.Build.0 = Release|Any CPU
		{BFEB883A-376E-49E2-9036-8DEC2C1F577D}.AppStore|Any CPU.Deploy.0 = Release|Any CPU
		{BFEB883A-376E-49E2-9036-8DEC2C1F577D}.AppStore|ARM.ActiveCfg = Release|Any CPU
		{BFEB883A-376E-49E2-9036-8DEC2C1F577D}.AppStore|ARM.Build.0 = Release|Any CPU
		{BFEB883A-376E-49E2-9036-8DEC2C1F577D}.AppStore|ARM.Deploy.0 = Release|Any CPU
		{BFEB883A-376E-49E2-9036-8DEC2C1F577D}.AppStore|iPhone.ActiveCfg = Release|Any CPU
		{BFEB883A-376E-49E2-9036-8DEC2C1F577D}.AppStore|iPhone.Build.0 = Release|Any CPU
		{BFEB883A-376E-49E2-9036-8DEC2C1F577D}.AppStore|iPhone.Deploy.0 = Release|Any CPU
		{BFEB883A-376E-49E2-9036-8DEC2C1F577D}.AppStore|iPhoneSimulator.ActiveCfg = Release|Any CPU
		{BFEB883A-376E-49E2-9036-8DEC2C1F577D}.AppStore|iPhoneSimulator.Build.0 = Release|Any CPU
		{BFEB883A-376E-49E2-9036-8DEC2C1F577D}.AppStore|iPhoneSimulator.Deploy.0 = Release|Any CPU
		{BFEB883A-376E-49E2-9036-8DEC2C1F577D}.AppStore|x64.ActiveCfg = Release|Any CPU
		{BFEB883A-376E-49E2-9036-8DEC2C1F577D}.AppStore|x64.Build.0 = Release|Any CPU
		{BFEB883A-376E-49E2-9036-8DEC2C1F577D}.AppStore|x64.Deploy.0 = Release|Any CPU
		{BFEB883A-376E-49E2-9036-8DEC2C1F577D}.AppStore|x86.ActiveCfg = Release|Any CPU
		{BFEB883A-376E-49E2-9036-8DEC2C1F577D}.AppStore|x86.Build.0 = Release|Any CPU
		{BFEB883A-376E-49E2-9036-8DEC2C1F577D}.AppStore|x86.Deploy.0 = Release|Any CPU
		{BFEB883A-376E-49E2-9036-8DEC2C1F577D}.Debug|Any CPU.ActiveCfg = Debug|Any CPU
		{BFEB883A-376E-49E2-9036-8DEC2C1F577D}.Debug|Any CPU.Build.0 = Debug|Any CPU
		{BFEB883A-376E-49E2-9036-8DEC2C1F577D}.Debug|Any CPU.Deploy.0 = Debug|Any CPU
		{BFEB883A-376E-49E2-9036-8DEC2C1F577D}.Debug|ARM.ActiveCfg = Debug|Any CPU
		{BFEB883A-376E-49E2-9036-8DEC2C1F577D}.Debug|ARM.Build.0 = Debug|Any CPU
		{BFEB883A-376E-49E2-9036-8DEC2C1F577D}.Debug|ARM.Deploy.0 = Debug|Any CPU
		{BFEB883A-376E-49E2-9036-8DEC2C1F577D}.Debug|iPhone.ActiveCfg = Debug|Any CPU
		{BFEB883A-376E-49E2-9036-8DEC2C1F577D}.Debug|iPhone.Build.0 = Debug|Any CPU
		{BFEB883A-376E-49E2-9036-8DEC2C1F577D}.Debug|iPhone.Deploy.0 = Debug|Any CPU
		{BFEB883A-376E-49E2-9036-8DEC2C1F577D}.Debug|iPhoneSimulator.ActiveCfg = Debug|Any CPU
		{BFEB883A-376E-49E2-9036-8DEC2C1F577D}.Debug|iPhoneSimulator.Build.0 = Debug|Any CPU
		{BFEB883A-376E-49E2-9036-8DEC2C1F577D}.Debug|iPhoneSimulator.Deploy.0 = Debug|Any CPU
		{BFEB883A-376E-49E2-9036-8DEC2C1F577D}.Debug|x64.ActiveCfg = Debug|Any CPU
		{BFEB883A-376E-49E2-9036-8DEC2C1F577D}.Debug|x64.Build.0 = Debug|Any CPU
		{BFEB883A-376E-49E2-9036-8DEC2C1F577D}.Debug|x64.Deploy.0 = Debug|Any CPU
		{BFEB883A-376E-49E2-9036-8DEC2C1F577D}.Debug|x86.ActiveCfg = Debug|Any CPU
		{BFEB883A-376E-49E2-9036-8DEC2C1F577D}.Debug|x86.Build.0 = Debug|Any CPU
		{BFEB883A-376E-49E2-9036-8DEC2C1F577D}.Debug|x86.Deploy.0 = Debug|Any CPU
		{BFEB883A-376E-49E2-9036-8DEC2C1F577D}.Release|Any CPU.ActiveCfg = Release|Any CPU
		{BFEB883A-376E-49E2-9036-8DEC2C1F577D}.Release|Any CPU.Build.0 = Release|Any CPU
		{BFEB883A-376E-49E2-9036-8DEC2C1F577D}.Release|Any CPU.Deploy.0 = Release|Any CPU
		{BFEB883A-376E-49E2-9036-8DEC2C1F577D}.Release|ARM.ActiveCfg = Release|Any CPU
		{BFEB883A-376E-49E2-9036-8DEC2C1F577D}.Release|ARM.Build.0 = Release|Any CPU
		{BFEB883A-376E-49E2-9036-8DEC2C1F577D}.Release|ARM.Deploy.0 = Release|Any CPU
		{BFEB883A-376E-49E2-9036-8DEC2C1F577D}.Release|iPhone.ActiveCfg = Release|Any CPU
		{BFEB883A-376E-49E2-9036-8DEC2C1F577D}.Release|iPhone.Build.0 = Release|Any CPU
		{BFEB883A-376E-49E2-9036-8DEC2C1F577D}.Release|iPhone.Deploy.0 = Release|Any CPU
		{BFEB883A-376E-49E2-9036-8DEC2C1F577D}.Release|iPhoneSimulator.ActiveCfg = Release|Any CPU
		{BFEB883A-376E-49E2-9036-8DEC2C1F577D}.Release|iPhoneSimulator.Build.0 = Release|Any CPU
		{BFEB883A-376E-49E2-9036-8DEC2C1F577D}.Release|iPhoneSimulator.Deploy.0 = Release|Any CPU
		{BFEB883A-376E-49E2-9036-8DEC2C1F577D}.Release|x64.ActiveCfg = Release|Any CPU
		{BFEB883A-376E-49E2-9036-8DEC2C1F577D}.Release|x64.Build.0 = Release|Any CPU
		{BFEB883A-376E-49E2-9036-8DEC2C1F577D}.Release|x64.Deploy.0 = Release|Any CPU
		{BFEB883A-376E-49E2-9036-8DEC2C1F577D}.Release|x86.ActiveCfg = Release|Any CPU
		{BFEB883A-376E-49E2-9036-8DEC2C1F577D}.Release|x86.Build.0 = Release|Any CPU
		{BFEB883A-376E-49E2-9036-8DEC2C1F577D}.Release|x86.Deploy.0 = Release|Any CPU
		{D5EBB60F-D220-4AD2-AECC-E8B91206E08C}.Ad-Hoc|Any CPU.ActiveCfg = Release|Any CPU
		{D5EBB60F-D220-4AD2-AECC-E8B91206E08C}.Ad-Hoc|Any CPU.Build.0 = Release|Any CPU
		{D5EBB60F-D220-4AD2-AECC-E8B91206E08C}.Ad-Hoc|ARM.ActiveCfg = Release|Any CPU
		{D5EBB60F-D220-4AD2-AECC-E8B91206E08C}.Ad-Hoc|ARM.Build.0 = Release|Any CPU
		{D5EBB60F-D220-4AD2-AECC-E8B91206E08C}.Ad-Hoc|iPhone.ActiveCfg = Release|Any CPU
		{D5EBB60F-D220-4AD2-AECC-E8B91206E08C}.Ad-Hoc|iPhone.Build.0 = Release|Any CPU
		{D5EBB60F-D220-4AD2-AECC-E8B91206E08C}.Ad-Hoc|iPhoneSimulator.ActiveCfg = Release|Any CPU
		{D5EBB60F-D220-4AD2-AECC-E8B91206E08C}.Ad-Hoc|iPhoneSimulator.Build.0 = Release|Any CPU
		{D5EBB60F-D220-4AD2-AECC-E8B91206E08C}.Ad-Hoc|x64.ActiveCfg = Release|Any CPU
		{D5EBB60F-D220-4AD2-AECC-E8B91206E08C}.Ad-Hoc|x64.Build.0 = Release|Any CPU
		{D5EBB60F-D220-4AD2-AECC-E8B91206E08C}.Ad-Hoc|x86.ActiveCfg = Release|Any CPU
		{D5EBB60F-D220-4AD2-AECC-E8B91206E08C}.Ad-Hoc|x86.Build.0 = Release|Any CPU
		{D5EBB60F-D220-4AD2-AECC-E8B91206E08C}.AppStore|Any CPU.ActiveCfg = Release|Any CPU
		{D5EBB60F-D220-4AD2-AECC-E8B91206E08C}.AppStore|Any CPU.Build.0 = Release|Any CPU
		{D5EBB60F-D220-4AD2-AECC-E8B91206E08C}.AppStore|ARM.ActiveCfg = Release|Any CPU
		{D5EBB60F-D220-4AD2-AECC-E8B91206E08C}.AppStore|ARM.Build.0 = Release|Any CPU
		{D5EBB60F-D220-4AD2-AECC-E8B91206E08C}.AppStore|iPhone.ActiveCfg = Release|Any CPU
		{D5EBB60F-D220-4AD2-AECC-E8B91206E08C}.AppStore|iPhone.Build.0 = Release|Any CPU
		{D5EBB60F-D220-4AD2-AECC-E8B91206E08C}.AppStore|iPhoneSimulator.ActiveCfg = Release|Any CPU
		{D5EBB60F-D220-4AD2-AECC-E8B91206E08C}.AppStore|iPhoneSimulator.Build.0 = Release|Any CPU
		{D5EBB60F-D220-4AD2-AECC-E8B91206E08C}.AppStore|x64.ActiveCfg = Release|Any CPU
		{D5EBB60F-D220-4AD2-AECC-E8B91206E08C}.AppStore|x64.Build.0 = Release|Any CPU
		{D5EBB60F-D220-4AD2-AECC-E8B91206E08C}.AppStore|x86.ActiveCfg = Release|Any CPU
		{D5EBB60F-D220-4AD2-AECC-E8B91206E08C}.AppStore|x86.Build.0 = Release|Any CPU
		{D5EBB60F-D220-4AD2-AECC-E8B91206E08C}.Debug|Any CPU.ActiveCfg = Debug|Any CPU
		{D5EBB60F-D220-4AD2-AECC-E8B91206E08C}.Debug|Any CPU.Build.0 = Debug|Any CPU
		{D5EBB60F-D220-4AD2-AECC-E8B91206E08C}.Debug|ARM.ActiveCfg = Debug|Any CPU
		{D5EBB60F-D220-4AD2-AECC-E8B91206E08C}.Debug|ARM.Build.0 = Debug|Any CPU
		{D5EBB60F-D220-4AD2-AECC-E8B91206E08C}.Debug|iPhone.ActiveCfg = Debug|Any CPU
		{D5EBB60F-D220-4AD2-AECC-E8B91206E08C}.Debug|iPhone.Build.0 = Debug|Any CPU
		{D5EBB60F-D220-4AD2-AECC-E8B91206E08C}.Debug|iPhoneSimulator.ActiveCfg = Debug|Any CPU
		{D5EBB60F-D220-4AD2-AECC-E8B91206E08C}.Debug|iPhoneSimulator.Build.0 = Debug|Any CPU
		{D5EBB60F-D220-4AD2-AECC-E8B91206E08C}.Debug|x64.ActiveCfg = Debug|Any CPU
		{D5EBB60F-D220-4AD2-AECC-E8B91206E08C}.Debug|x64.Build.0 = Debug|Any CPU
		{D5EBB60F-D220-4AD2-AECC-E8B91206E08C}.Debug|x86.ActiveCfg = Debug|Any CPU
		{D5EBB60F-D220-4AD2-AECC-E8B91206E08C}.Debug|x86.Build.0 = Debug|Any CPU
		{D5EBB60F-D220-4AD2-AECC-E8B91206E08C}.Release|Any CPU.ActiveCfg = Release|Any CPU
		{D5EBB60F-D220-4AD2-AECC-E8B91206E08C}.Release|Any CPU.Build.0 = Release|Any CPU
		{D5EBB60F-D220-4AD2-AECC-E8B91206E08C}.Release|ARM.ActiveCfg = Release|Any CPU
		{D5EBB60F-D220-4AD2-AECC-E8B91206E08C}.Release|ARM.Build.0 = Release|Any CPU
		{D5EBB60F-D220-4AD2-AECC-E8B91206E08C}.Release|iPhone.ActiveCfg = Release|Any CPU
		{D5EBB60F-D220-4AD2-AECC-E8B91206E08C}.Release|iPhone.Build.0 = Release|Any CPU
		{D5EBB60F-D220-4AD2-AECC-E8B91206E08C}.Release|iPhoneSimulator.ActiveCfg = Release|Any CPU
		{D5EBB60F-D220-4AD2-AECC-E8B91206E08C}.Release|iPhoneSimulator.Build.0 = Release|Any CPU
		{D5EBB60F-D220-4AD2-AECC-E8B91206E08C}.Release|x64.ActiveCfg = Release|Any CPU
		{D5EBB60F-D220-4AD2-AECC-E8B91206E08C}.Release|x64.Build.0 = Release|Any CPU
		{D5EBB60F-D220-4AD2-AECC-E8B91206E08C}.Release|x86.ActiveCfg = Release|Any CPU
		{D5EBB60F-D220-4AD2-AECC-E8B91206E08C}.Release|x86.Build.0 = Release|Any CPU
		{436C03A2-F788-4588-B062-89EFEB013EE0}.Ad-Hoc|Any CPU.ActiveCfg = Release|x86
		{436C03A2-F788-4588-B062-89EFEB013EE0}.Ad-Hoc|Any CPU.Build.0 = Release|x86
		{436C03A2-F788-4588-B062-89EFEB013EE0}.Ad-Hoc|Any CPU.Deploy.0 = Release|x86
		{436C03A2-F788-4588-B062-89EFEB013EE0}.Ad-Hoc|ARM.ActiveCfg = Release|ARM
		{436C03A2-F788-4588-B062-89EFEB013EE0}.Ad-Hoc|ARM.Build.0 = Release|ARM
		{436C03A2-F788-4588-B062-89EFEB013EE0}.Ad-Hoc|ARM.Deploy.0 = Release|ARM
		{436C03A2-F788-4588-B062-89EFEB013EE0}.Ad-Hoc|iPhone.ActiveCfg = Release|x86
		{436C03A2-F788-4588-B062-89EFEB013EE0}.Ad-Hoc|iPhone.Build.0 = Release|x86
		{436C03A2-F788-4588-B062-89EFEB013EE0}.Ad-Hoc|iPhone.Deploy.0 = Release|x86
		{436C03A2-F788-4588-B062-89EFEB013EE0}.Ad-Hoc|iPhoneSimulator.ActiveCfg = Release|x86
		{436C03A2-F788-4588-B062-89EFEB013EE0}.Ad-Hoc|iPhoneSimulator.Build.0 = Release|x86
		{436C03A2-F788-4588-B062-89EFEB013EE0}.Ad-Hoc|iPhoneSimulator.Deploy.0 = Release|x86
		{436C03A2-F788-4588-B062-89EFEB013EE0}.Ad-Hoc|x64.ActiveCfg = Release|x64
		{436C03A2-F788-4588-B062-89EFEB013EE0}.Ad-Hoc|x64.Build.0 = Release|x64
		{436C03A2-F788-4588-B062-89EFEB013EE0}.Ad-Hoc|x64.Deploy.0 = Release|x64
		{436C03A2-F788-4588-B062-89EFEB013EE0}.Ad-Hoc|x86.ActiveCfg = Release|x86
		{436C03A2-F788-4588-B062-89EFEB013EE0}.Ad-Hoc|x86.Build.0 = Release|x86
		{436C03A2-F788-4588-B062-89EFEB013EE0}.Ad-Hoc|x86.Deploy.0 = Release|x86
		{436C03A2-F788-4588-B062-89EFEB013EE0}.AppStore|Any CPU.ActiveCfg = Release|x86
		{436C03A2-F788-4588-B062-89EFEB013EE0}.AppStore|Any CPU.Build.0 = Release|x86
		{436C03A2-F788-4588-B062-89EFEB013EE0}.AppStore|Any CPU.Deploy.0 = Release|x86
		{436C03A2-F788-4588-B062-89EFEB013EE0}.AppStore|ARM.ActiveCfg = Release|ARM
		{436C03A2-F788-4588-B062-89EFEB013EE0}.AppStore|ARM.Build.0 = Release|ARM
		{436C03A2-F788-4588-B062-89EFEB013EE0}.AppStore|ARM.Deploy.0 = Release|ARM
		{436C03A2-F788-4588-B062-89EFEB013EE0}.AppStore|iPhone.ActiveCfg = Release|x86
		{436C03A2-F788-4588-B062-89EFEB013EE0}.AppStore|iPhone.Build.0 = Release|x86
		{436C03A2-F788-4588-B062-89EFEB013EE0}.AppStore|iPhone.Deploy.0 = Release|x86
		{436C03A2-F788-4588-B062-89EFEB013EE0}.AppStore|iPhoneSimulator.ActiveCfg = Release|x86
		{436C03A2-F788-4588-B062-89EFEB013EE0}.AppStore|iPhoneSimulator.Build.0 = Release|x86
		{436C03A2-F788-4588-B062-89EFEB013EE0}.AppStore|iPhoneSimulator.Deploy.0 = Release|x86
		{436C03A2-F788-4588-B062-89EFEB013EE0}.AppStore|x64.ActiveCfg = Release|x64
		{436C03A2-F788-4588-B062-89EFEB013EE0}.AppStore|x64.Build.0 = Release|x64
		{436C03A2-F788-4588-B062-89EFEB013EE0}.AppStore|x64.Deploy.0 = Release|x64
		{436C03A2-F788-4588-B062-89EFEB013EE0}.AppStore|x86.ActiveCfg = Release|x86
		{436C03A2-F788-4588-B062-89EFEB013EE0}.AppStore|x86.Build.0 = Release|x86
		{436C03A2-F788-4588-B062-89EFEB013EE0}.AppStore|x86.Deploy.0 = Release|x86
		{436C03A2-F788-4588-B062-89EFEB013EE0}.Debug|Any CPU.ActiveCfg = Debug|x86
		{436C03A2-F788-4588-B062-89EFEB013EE0}.Debug|ARM.ActiveCfg = Debug|ARM
		{436C03A2-F788-4588-B062-89EFEB013EE0}.Debug|ARM.Build.0 = Debug|ARM
		{436C03A2-F788-4588-B062-89EFEB013EE0}.Debug|ARM.Deploy.0 = Debug|ARM
		{436C03A2-F788-4588-B062-89EFEB013EE0}.Debug|iPhone.ActiveCfg = Debug|x86
		{436C03A2-F788-4588-B062-89EFEB013EE0}.Debug|iPhoneSimulator.ActiveCfg = Debug|x86
		{436C03A2-F788-4588-B062-89EFEB013EE0}.Debug|x64.ActiveCfg = Debug|x64
		{436C03A2-F788-4588-B062-89EFEB013EE0}.Debug|x64.Build.0 = Debug|x64
		{436C03A2-F788-4588-B062-89EFEB013EE0}.Debug|x64.Deploy.0 = Debug|x64
		{436C03A2-F788-4588-B062-89EFEB013EE0}.Debug|x86.ActiveCfg = Debug|x86
		{436C03A2-F788-4588-B062-89EFEB013EE0}.Debug|x86.Build.0 = Debug|x86
		{436C03A2-F788-4588-B062-89EFEB013EE0}.Debug|x86.Deploy.0 = Debug|x86
		{436C03A2-F788-4588-B062-89EFEB013EE0}.Release|Any CPU.ActiveCfg = Release|x86
		{436C03A2-F788-4588-B062-89EFEB013EE0}.Release|ARM.ActiveCfg = Release|ARM
		{436C03A2-F788-4588-B062-89EFEB013EE0}.Release|ARM.Build.0 = Release|ARM
		{436C03A2-F788-4588-B062-89EFEB013EE0}.Release|ARM.Deploy.0 = Release|ARM
		{436C03A2-F788-4588-B062-89EFEB013EE0}.Release|iPhone.ActiveCfg = Release|x86
		{436C03A2-F788-4588-B062-89EFEB013EE0}.Release|iPhoneSimulator.ActiveCfg = Release|x86
		{436C03A2-F788-4588-B062-89EFEB013EE0}.Release|x64.ActiveCfg = Release|x64
		{436C03A2-F788-4588-B062-89EFEB013EE0}.Release|x64.Build.0 = Release|x64
		{436C03A2-F788-4588-B062-89EFEB013EE0}.Release|x64.Deploy.0 = Release|x64
		{436C03A2-F788-4588-B062-89EFEB013EE0}.Release|x86.ActiveCfg = Release|x86
		{436C03A2-F788-4588-B062-89EFEB013EE0}.Release|x86.Build.0 = Release|x86
		{436C03A2-F788-4588-B062-89EFEB013EE0}.Release|x86.Deploy.0 = Release|x86
		{B1D8ED17-3285-4B34-AD29-CDF8FA6DDD0D}.Ad-Hoc|Any CPU.ActiveCfg = Ad-Hoc|iPhone
		{B1D8ED17-3285-4B34-AD29-CDF8FA6DDD0D}.Ad-Hoc|ARM.ActiveCfg = Ad-Hoc|iPhone
		{B1D8ED17-3285-4B34-AD29-CDF8FA6DDD0D}.Ad-Hoc|iPhone.ActiveCfg = Ad-Hoc|iPhone
		{B1D8ED17-3285-4B34-AD29-CDF8FA6DDD0D}.Ad-Hoc|iPhone.Build.0 = Ad-Hoc|iPhone
		{B1D8ED17-3285-4B34-AD29-CDF8FA6DDD0D}.Ad-Hoc|iPhoneSimulator.ActiveCfg = Ad-Hoc|iPhoneSimulator
		{B1D8ED17-3285-4B34-AD29-CDF8FA6DDD0D}.Ad-Hoc|iPhoneSimulator.Build.0 = Ad-Hoc|iPhoneSimulator
		{B1D8ED17-3285-4B34-AD29-CDF8FA6DDD0D}.Ad-Hoc|x64.ActiveCfg = Ad-Hoc|iPhone
		{B1D8ED17-3285-4B34-AD29-CDF8FA6DDD0D}.Ad-Hoc|x86.ActiveCfg = Ad-Hoc|iPhone
		{B1D8ED17-3285-4B34-AD29-CDF8FA6DDD0D}.AppStore|Any CPU.ActiveCfg = AppStore|iPhone
		{B1D8ED17-3285-4B34-AD29-CDF8FA6DDD0D}.AppStore|ARM.ActiveCfg = AppStore|iPhone
		{B1D8ED17-3285-4B34-AD29-CDF8FA6DDD0D}.AppStore|iPhone.ActiveCfg = AppStore|iPhone
		{B1D8ED17-3285-4B34-AD29-CDF8FA6DDD0D}.AppStore|iPhone.Build.0 = AppStore|iPhone
		{B1D8ED17-3285-4B34-AD29-CDF8FA6DDD0D}.AppStore|iPhoneSimulator.ActiveCfg = AppStore|iPhoneSimulator
		{B1D8ED17-3285-4B34-AD29-CDF8FA6DDD0D}.AppStore|iPhoneSimulator.Build.0 = AppStore|iPhoneSimulator
		{B1D8ED17-3285-4B34-AD29-CDF8FA6DDD0D}.AppStore|x64.ActiveCfg = AppStore|iPhone
		{B1D8ED17-3285-4B34-AD29-CDF8FA6DDD0D}.AppStore|x86.ActiveCfg = AppStore|iPhone
		{B1D8ED17-3285-4B34-AD29-CDF8FA6DDD0D}.Debug|Any CPU.ActiveCfg = Debug|iPhone
		{B1D8ED17-3285-4B34-AD29-CDF8FA6DDD0D}.Debug|ARM.ActiveCfg = Debug|iPhone
		{B1D8ED17-3285-4B34-AD29-CDF8FA6DDD0D}.Debug|iPhone.ActiveCfg = Debug|iPhone
		{B1D8ED17-3285-4B34-AD29-CDF8FA6DDD0D}.Debug|iPhone.Build.0 = Debug|iPhone
		{B1D8ED17-3285-4B34-AD29-CDF8FA6DDD0D}.Debug|iPhoneSimulator.ActiveCfg = Debug|iPhoneSimulator
		{B1D8ED17-3285-4B34-AD29-CDF8FA6DDD0D}.Debug|iPhoneSimulator.Build.0 = Debug|iPhoneSimulator
		{B1D8ED17-3285-4B34-AD29-CDF8FA6DDD0D}.Debug|x64.ActiveCfg = Debug|iPhone
		{B1D8ED17-3285-4B34-AD29-CDF8FA6DDD0D}.Debug|x86.ActiveCfg = Debug|iPhone
		{B1D8ED17-3285-4B34-AD29-CDF8FA6DDD0D}.Release|Any CPU.ActiveCfg = Release|iPhone
		{B1D8ED17-3285-4B34-AD29-CDF8FA6DDD0D}.Release|ARM.ActiveCfg = Release|iPhone
		{B1D8ED17-3285-4B34-AD29-CDF8FA6DDD0D}.Release|iPhone.ActiveCfg = Release|iPhone
		{B1D8ED17-3285-4B34-AD29-CDF8FA6DDD0D}.Release|iPhone.Build.0 = Release|iPhone
		{B1D8ED17-3285-4B34-AD29-CDF8FA6DDD0D}.Release|iPhoneSimulator.ActiveCfg = Release|iPhoneSimulator
		{B1D8ED17-3285-4B34-AD29-CDF8FA6DDD0D}.Release|iPhoneSimulator.Build.0 = Release|iPhoneSimulator
		{B1D8ED17-3285-4B34-AD29-CDF8FA6DDD0D}.Release|x64.ActiveCfg = Release|iPhone
		{B1D8ED17-3285-4B34-AD29-CDF8FA6DDD0D}.Release|x86.ActiveCfg = Release|iPhone
	EndGlobalSection
	GlobalSection(SolutionProperties) = preSolution
		HideSolutionNode = FALSE
	EndGlobalSection
	GlobalSection(ExtensibilityGlobals) = postSolution
		SolutionGuid = {5863E1E1-C9F3-44F6-A905-417231525E22}
	EndGlobalSection
EndGlobal
